PODS:
  - CocoaLumberjack (2.0.1):
    - CocoaLumberjack/Default (= 2.0.1)
    - CocoaLumberjack/Extensions (= 2.0.1)
  - CocoaLumberjack/Core (2.0.1)
  - CocoaLumberjack/Default (2.0.1):
    - CocoaLumberjack/Core
  - CocoaLumberjack/Extensions (2.0.1):
    - CocoaLumberjack/Default
  - YapDatabase (2.7.3):
    - YapDatabase/standard (= 2.7.3)
  - YapDatabase/standard (2.7.3):
    - CocoaLumberjack (~> 2)

DEPENDENCIES:
  - YapDatabase (from `https://github.com/yapstudios/yapdatabase`, branch `master`)

EXTERNAL SOURCES:
  YapDatabase:
    :branch: master
    :git: https://github.com/yapstudios/yapdatabase

CHECKOUT OPTIONS:
  YapDatabase:
    :commit: ece44bfeaf0b194aa9221b122124df7c973cf8b5
    :git: https://github.com/yapstudios/yapdatabase

SPEC CHECKSUMS:
  CocoaLumberjack: 019d1361244274a6138c788c6cb80baabc13fb8f
  YapDatabase: 6d6a30e97face6c3158830823c27614afe83e1e0

COCOAPODS: 0.38.2
