PODS:
  - BrightFutures (1.0.1)
  - CocoaLumberjack (2.0.1):
    - CocoaLumberjack/Default (= 2.0.1)
    - CocoaLumberjack/Extensions (= 2.0.1)
  - CocoaLumberjack/Core (2.0.1)
  - CocoaLumberjack/Default (2.0.1):
    - CocoaLumberjack/Core
  - CocoaLumberjack/Extensions (2.0.1):
    - CocoaLumberjack/Default
  - PromiseKit/CorePromise (2.2.1)
  - PromiseKit/Swift/Promise (2.2.1):
    - PromiseKit/CorePromise
  - SwiftTask (3.3.1)
  - YapDatabase (2.7.1):
    - YapDatabase/standard (= 2.7.1)
  - YapDatabase/standard (2.7.1):
    - CocoaLumberjack (~> 2)

DEPENDENCIES:
  - BrightFutures (~> 1.0)
  - PromiseKit/Swift/Promise (~> 2)
  - SwiftTask (~> 3)
  - YapDatabase (~> 2.6)

SPEC CHECKSUMS:
  BrightFutures: 76c1b0f2ff9694959c8359dad80f42c6e60c4a59
  CocoaLumberjack: 019d1361244274a6138c788c6cb80baabc13fb8f
  PromiseKit: 9c92257e39abf4b634533d44268592dfc6e4b5c2
  SwiftTask: 0baec4571e2ea235e73817c399cde12056c81f6f
  YapDatabase: e9ff9a189e99268a331575411e8462e4c6df2bc3

COCOAPODS: 0.38.2
