PODS:
  - BrightFutures (1.0.1)
  - CocoaLumberjack (1.9.2):
    - CocoaLumberjack/Extensions (= 1.9.2)
  - CocoaLumberjack/Core (1.9.2)
  - CocoaLumberjack/Extensions (1.9.2):
    - CocoaLumberjack/Core
  - PromiseKit/Swift/Promise (1.5.3)
  - SwiftTask (3.3.0)
  - YapDatabase (2.6.4):
    - YapDatabase/standard (= 2.6.4)
  - YapDatabase/standard (2.6.4):
    - CocoaLumberjack (~> 1)
  - YapDatabaseExtensions/All (1.4.0):
    - YapDatabase (~> 2.6)
    - YapDatabaseExtensions/BrightFutures
    - YapDatabaseExtensions/PromiseKit
    - YapDatabaseExtensions/SwiftTask
  - YapDatabaseExtensions/BrightFutures (1.4.0):
    - BrightFutures (~> 1.0)
    - YapDatabase (~> 2.6)
    - YapDatabaseExtensions/Common
  - YapDatabaseExtensions/Common (1.4.0):
    - YapDatabase (~> 2.6)
  - YapDatabaseExtensions/PromiseKit (1.4.0):
    - PromiseKit/Swift/Promise (~> 1.5)
    - YapDatabase (~> 2.6)
    - YapDatabaseExtensions/Common
  - YapDatabaseExtensions/SwiftTask (1.4.0):
    - SwiftTask (~> 3.0)
    - YapDatabase (~> 2.6)
    - YapDatabaseExtensions/Common

DEPENDENCIES:
  - YapDatabaseExtensions/All (from `../../`)

EXTERNAL SOURCES:
  YapDatabaseExtensions:
    :path: "../../"

SPEC CHECKSUMS:
  BrightFutures: 76c1b0f2ff9694959c8359dad80f42c6e60c4a59
  CocoaLumberjack: 628fca2e88ef06f7cf6817309aa405f325d9a6fa
  PromiseKit: 7ecae7c190ab92ae00aae6ba7f88942107532b8f
  SwiftTask: 8bc1ec4e0348ce8a40436af737992174485f8996
  YapDatabase: f9051e178a38f48d0f3a78562423a5bc969f1ca3
  YapDatabaseExtensions: 8b91008a89d78236aef83c9dbd1178f849881988

COCOAPODS: 0.37.2
